
Microsoft Visual Studio Solution File, Format Version 12.00
# Visual Studio 14
VisualStudioVersion = 14.0.25123.0
MinimumVisualStudioVersion = 10.0.40219.1
Project("{FAE04EC0-301F-11D3-BF4B-00C04F79EFBC}") = "ShortBus", "ShortBus\ShortBus.csproj", "{F6563B6B-16CB-4CEF-AC22-1C46CF5C00C9}"
EndProject
Project("{2150E333-8FDC-42A3-9474-1A3956D46DE8}") = "Solution Items", "Solution Items", "{CC3CDCFA-348C-41AC-B89F-451C0D1F61BC}"
EndProject
Project("{FAE04EC0-301F-11D3-BF4B-00C04F79EFBC}") = "Sandbox", "Sandbox\Sandbox.csproj", "{9352422D-676A-4AAC-AE45-4D539A675B18}"
EndProject
Project("{FAE04EC0-301F-11D3-BF4B-00C04F79EFBC}") = "PublisherDemo", "PublisherDemo\PublisherDemo.csproj", "{D635B8B8-B0F3-4982-8E21-75DBE2C6C278}"
EndProject
Project("{FAE04EC0-301F-11D3-BF4B-00C04F79EFBC}") = "SubscriberDemo", "SubscriberDemo\SubscriberDemo.csproj", "{9F8846B1-6476-4B3F-8142-BA0EE701F249}"
EndProject
Global
	GlobalSection(SolutionConfigurationPlatforms) = preSolution
		Debug|Any CPU = Debug|Any CPU
		Release|Any CPU = Release|Any CPU
	EndGlobalSection
	GlobalSection(ProjectConfigurationPlatforms) = postSolution
		{F6563B6B-16CB-4CEF-AC22-1C46CF5C00C9}.Debug|Any CPU.ActiveCfg = Debug|Any CPU
		{F6563B6B-16CB-4CEF-AC22-1C46CF5C00C9}.Debug|Any CPU.Build.0 = Debug|Any CPU
		{F6563B6B-16CB-4CEF-AC22-1C46CF5C00C9}.Release|Any CPU.ActiveCfg = Release|Any CPU
		{F6563B6B-16CB-4CEF-AC22-1C46CF5C00C9}.Release|Any CPU.Build.0 = Release|Any CPU
		{9352422D-676A-4AAC-AE45-4D539A675B18}.Debug|Any CPU.ActiveCfg = Debug|Any CPU
		{9352422D-676A-4AAC-AE45-4D539A675B18}.Debug|Any CPU.Build.0 = Debug|Any CPU
		{9352422D-676A-4AAC-AE45-4D539A675B18}.Release|Any CPU.ActiveCfg = Release|Any CPU
		{9352422D-676A-4AAC-AE45-4D539A675B18}.Release|Any CPU.Build.0 = Release|Any CPU
		{D635B8B8-B0F3-4982-8E21-75DBE2C6C278}.Debug|Any CPU.ActiveCfg = Debug|Any CPU
		{D635B8B8-B0F3-4982-8E21-75DBE2C6C278}.Debug|Any CPU.Build.0 = Debug|Any CPU
		{D635B8B8-B0F3-4982-8E21-75DBE2C6C278}.Release|Any CPU.ActiveCfg = Release|Any CPU
		{D635B8B8-B0F3-4982-8E21-75DBE2C6C278}.Release|Any CPU.Build.0 = Release|Any CPU
		{9F8846B1-6476-4B3F-8142-BA0EE701F249}.Debug|Any CPU.ActiveCfg = Debug|Any CPU
		{9F8846B1-6476-4B3F-8142-BA0EE701F249}.Debug|Any CPU.Build.0 = Debug|Any CPU
		{9F8846B1-6476-4B3F-8142-BA0EE701F249}.Release|Any CPU.ActiveCfg = Release|Any CPU
		{9F8846B1-6476-4B3F-8142-BA0EE701F249}.Release|Any CPU.Build.0 = Release|Any CPU
	EndGlobalSection
	GlobalSection(SolutionProperties) = preSolution
		HideSolutionNode = FALSE
	EndGlobalSection
EndGlobal
